// !$*UTF8*$!
{
	archiveVersion = 1;
	classes = {
	};
	objectVersion = 48;
	objects = {

/* Begin PBXBuildFile section */
		03A3FA4E5D97DE9B66C39416 /* Pods_Recipes_Coordinators_MVVM.framework in Frameworks */ = {isa = PBXBuildFile; fileRef = 5FE38050BAE3F76EE9D554E8 /* Pods_Recipes_Coordinators_MVVM.framework */; };
		30417C1021C0449C000BE1D9 /* RecipeStepListViewController.swift in Sources */ = {isa = PBXBuildFile; fileRef = 30417C0F21C0449C000BE1D9 /* RecipeStepListViewController.swift */; };
		30417C1221C051EE000BE1D9 /* StoryboardBased.swift in Sources */ = {isa = PBXBuildFile; fileRef = 30417C1121C051EE000BE1D9 /* StoryboardBased.swift */; };
		3044C6DF21A1A56100795B44 /* NetworkReachabilityService.swift in Sources */ = {isa = PBXBuildFile; fileRef = 3044C6DE21A1A56100795B44 /* NetworkReachabilityService.swift */; };
		3044C6E121A1A76A00795B44 /* DefaultNetworkReachabilityService.swift in Sources */ = {isa = PBXBuildFile; fileRef = 3044C6E021A1A76A00795B44 /* DefaultNetworkReachabilityService.swift */; };
		3053C70A2178DF240041C485 /* AppDelegate.swift in Sources */ = {isa = PBXBuildFile; fileRef = 3053C7092178DF240041C485 /* AppDelegate.swift */; };
		3053C7112178DF240041C485 /* Assets.xcassets in Resources */ = {isa = PBXBuildFile; fileRef = 3053C7102178DF240041C485 /* Assets.xcassets */; };
		3053C7142178DF240041C485 /* LaunchScreen.storyboard in Resources */ = {isa = PBXBuildFile; fileRef = 3053C7122178DF240041C485 /* LaunchScreen.storyboard */; };
		3053C7232178F9550041C485 /* Coordinator.swift in Sources */ = {isa = PBXBuildFile; fileRef = 3053C7222178F9550041C485 /* Coordinator.swift */; };
		3053C7252178FDB90041C485 /* BaseCoordinator.swift in Sources */ = {isa = PBXBuildFile; fileRef = 3053C7242178FDB90041C485 /* BaseCoordinator.swift */; };
		3053C729217903A90041C485 /* NSObjectExtension.swift in Sources */ = {isa = PBXBuildFile; fileRef = 3053C728217903A90041C485 /* NSObjectExtension.swift */; };
		3053C72B21790A280041C485 /* AppStoryboard.swift in Sources */ = {isa = PBXBuildFile; fileRef = 3053C72A21790A280041C485 /* AppStoryboard.swift */; };
		3053C72D21790AC80041C485 /* StringExtension.swift in Sources */ = {isa = PBXBuildFile; fileRef = 3053C72C21790AC80041C485 /* StringExtension.swift */; };
		3053C737217913E10041C485 /* ViewModel.swift in Sources */ = {isa = PBXBuildFile; fileRef = 3053C736217913E10041C485 /* ViewModel.swift */; };
		3053C73C217916AD0041C485 /* TextUnderPictureTableViewCell.swift in Sources */ = {isa = PBXBuildFile; fileRef = 3053C73B217916AD0041C485 /* TextUnderPictureTableViewCell.swift */; };
		3053C73E217916BB0041C485 /* TextUnderPictureTableViewCell.xib in Resources */ = {isa = PBXBuildFile; fileRef = 3053C73D217916BB0041C485 /* TextUnderPictureTableViewCell.xib */; };
		306F811421B2D4BB0021558D /* UIKitAssembly.swift in Sources */ = {isa = PBXBuildFile; fileRef = 306F811321B2D4BB0021558D /* UIKitAssembly.swift */; };
		3084C077217A30220089F186 /* CellViewModel.swift in Sources */ = {isa = PBXBuildFile; fileRef = 3084C076217A30220089F186 /* CellViewModel.swift */; };
		3084C079217A32920089F186 /* DefaultRecipeListViewModel.swift in Sources */ = {isa = PBXBuildFile; fileRef = 3084C078217A32920089F186 /* DefaultRecipeListViewModel.swift */; };
		3084C07E217A39A20089F186 /* Recipe.swift in Sources */ = {isa = PBXBuildFile; fileRef = 3084C07D217A39A20089F186 /* Recipe.swift */; };
		3084C080217A3D5E0089F186 /* RecipeStep.swift in Sources */ = {isa = PBXBuildFile; fileRef = 3084C07F217A3D5E0089F186 /* RecipeStep.swift */; };
		3084C083217A52140089F186 /* RecipeListCoordinator.swift in Sources */ = {isa = PBXBuildFile; fileRef = 3084C082217A52140089F186 /* RecipeListCoordinator.swift */; };
		3084C087217A75330089F186 /* AppCoordinator.swift in Sources */ = {isa = PBXBuildFile; fileRef = 3084C086217A75330089F186 /* AppCoordinator.swift */; };
		3084C089217A795F0089F186 /* UITableViewExtension.swift in Sources */ = {isa = PBXBuildFile; fileRef = 3084C088217A795F0089F186 /* UITableViewExtension.swift */; };
		30A86CDD21AA9F24005193DD /* NetworkAssembly.swift in Sources */ = {isa = PBXBuildFile; fileRef = 30A86CDC21AA9F24005193DD /* NetworkAssembly.swift */; };
		30A86CE021AAA507005193DD /* RecipeListAssembly.swift in Sources */ = {isa = PBXBuildFile; fileRef = 30A86CDF21AAA507005193DD /* RecipeListAssembly.swift */; };
		30A86CE221AAA6E0005193DD /* TextUnderPictureCellViewModelAssembly.swift in Sources */ = {isa = PBXBuildFile; fileRef = 30A86CE121AAA6E0005193DD /* TextUnderPictureCellViewModelAssembly.swift */; };
		30A86CE421AAAD71005193DD /* VerticalTextAndDescriptionCellViewModelAssembly.swift in Sources */ = {isa = PBXBuildFile; fileRef = 30A86CE321AAAD71005193DD /* VerticalTextAndDescriptionCellViewModelAssembly.swift */; };
		30BE8C202179CC7A0009D91B /* Identifiable.swift in Sources */ = {isa = PBXBuildFile; fileRef = 30BE8C1F2179CC7A0009D91B /* Identifiable.swift */; };
		30BE8C222179CDC40009D91B /* TextUnderPictureCellViewModel.swift in Sources */ = {isa = PBXBuildFile; fileRef = 30BE8C212179CDC40009D91B /* TextUnderPictureCellViewModel.swift */; };
		30BE8C242179EA900009D91B /* RecipeTextUnderPictureCellViewModel.swift in Sources */ = {isa = PBXBuildFile; fileRef = 30BE8C232179EA900009D91B /* RecipeTextUnderPictureCellViewModel.swift */; };
		30BE8C262179EEB70009D91B /* CellConfigurable.swift in Sources */ = {isa = PBXBuildFile; fileRef = 30BE8C252179EEB70009D91B /* CellConfigurable.swift */; };
		30BE8C282179F6DE0009D91B /* ReactiveExtension.swift in Sources */ = {isa = PBXBuildFile; fileRef = 30BE8C272179F6DE0009D91B /* ReactiveExtension.swift */; };
		30BE8C2A2179FC710009D91B /* VerticalTextAndDescriptionTableViewCell.swift in Sources */ = {isa = PBXBuildFile; fileRef = 30BE8C292179FC710009D91B /* VerticalTextAndDescriptionTableViewCell.swift */; };
		30BE8C2C2179FC7D0009D91B /* VerticalTextAndDescriptionTableViewCell.xib in Resources */ = {isa = PBXBuildFile; fileRef = 30BE8C2B2179FC7D0009D91B /* VerticalTextAndDescriptionTableViewCell.xib */; };
		30BE8C2E2179FFAA0009D91B /* VerticalTextAndDescriptionCellViewModel.swift in Sources */ = {isa = PBXBuildFile; fileRef = 30BE8C2D2179FFAA0009D91B /* VerticalTextAndDescriptionCellViewModel.swift */; };
		30BE8C30217A000F0009D91B /* RecipeVerticalTextAndDescriptionCellViewModel.swift in Sources */ = {isa = PBXBuildFile; fileRef = 30BE8C2F217A000F0009D91B /* RecipeVerticalTextAndDescriptionCellViewModel.swift */; };
		30BE8C33217A02670009D91B /* Recipes.storyboard in Resources */ = {isa = PBXBuildFile; fileRef = 30BE8C32217A02670009D91B /* Recipes.storyboard */; };
		30BE8C35217A02A10009D91B /* RecipeListViewController.swift in Sources */ = {isa = PBXBuildFile; fileRef = 30BE8C34217A02A10009D91B /* RecipeListViewController.swift */; };
		30BE8C38217A041C0009D91B /* RecipeListViewModel.swift in Sources */ = {isa = PBXBuildFile; fileRef = 30BE8C37217A041C0009D91B /* RecipeListViewModel.swift */; };
		30C8D50321B9ABB800FC3361 /* RecipeListOfStepsListViewController.swift in Sources */ = {isa = PBXBuildFile; fileRef = 30C8D50221B9ABB800FC3361 /* RecipeListOfStepsListViewController.swift */; };
		30C8D50721B9ADF800FC3361 /* RecipeListOfStepsListViewModel.swift in Sources */ = {isa = PBXBuildFile; fileRef = 30C8D50621B9ADF800FC3361 /* RecipeListOfStepsListViewModel.swift */; };
		30D2231F21B2F3160003AE61 /* DependencyNames.swift in Sources */ = {isa = PBXBuildFile; fileRef = 30D2231E21B2F3160003AE61 /* DependencyNames.swift */; };
		30EA490521C170FD009AA63A /* NibBased.swift in Sources */ = {isa = PBXBuildFile; fileRef = 30EA490421C170FD009AA63A /* NibBased.swift */; };
		30EA490721C17457009AA63A /* Instantiatable.swift in Sources */ = {isa = PBXBuildFile; fileRef = 30EA490621C17457009AA63A /* Instantiatable.swift */; };
		30EA490B21C17C17009AA63A /* ReuseIdentifiable.swift in Sources */ = {isa = PBXBuildFile; fileRef = 30EA490A21C17C17009AA63A /* ReuseIdentifiable.swift */; };
/* End PBXBuildFile section */

/* Begin PBXFileReference section */
		30417C0F21C0449C000BE1D9 /* RecipeStepListViewController.swift */ = {isa = PBXFileReference; lastKnownFileType = sourcecode.swift; path = RecipeStepListViewController.swift; sourceTree = "<group>"; };
		30417C1121C051EE000BE1D9 /* StoryboardBased.swift */ = {isa = PBXFileReference; lastKnownFileType = sourcecode.swift; path = StoryboardBased.swift; sourceTree = "<group>"; };
		3044C6DE21A1A56100795B44 /* NetworkReachabilityService.swift */ = {isa = PBXFileReference; lastKnownFileType = sourcecode.swift; path = NetworkReachabilityService.swift; sourceTree = "<group>"; };
		3044C6E021A1A76A00795B44 /* DefaultNetworkReachabilityService.swift */ = {isa = PBXFileReference; lastKnownFileType = sourcecode.swift; path = DefaultNetworkReachabilityService.swift; sourceTree = "<group>"; };
		3053C7062178DF240041C485 /* Recipes-Coordinators-MVVM.app */ = {isa = PBXFileReference; explicitFileType = wrapper.application; includeInIndex = 0; path = "Recipes-Coordinators-MVVM.app"; sourceTree = BUILT_PRODUCTS_DIR; };
		3053C7092178DF240041C485 /* AppDelegate.swift */ = {isa = PBXFileReference; lastKnownFileType = sourcecode.swift; path = AppDelegate.swift; sourceTree = "<group>"; };
		3053C7102178DF240041C485 /* Assets.xcassets */ = {isa = PBXFileReference; lastKnownFileType = folder.assetcatalog; path = Assets.xcassets; sourceTree = "<group>"; };
		3053C7132178DF240041C485 /* Base */ = {isa = PBXFileReference; lastKnownFileType = file.storyboard; name = Base; path = Base.lproj/LaunchScreen.storyboard; sourceTree = "<group>"; };
		3053C7152178DF240041C485 /* Info.plist */ = {isa = PBXFileReference; lastKnownFileType = text.plist.xml; path = Info.plist; sourceTree = "<group>"; };
		3053C7222178F9550041C485 /* Coordinator.swift */ = {isa = PBXFileReference; lastKnownFileType = sourcecode.swift; path = Coordinator.swift; sourceTree = "<group>"; };
		3053C7242178FDB90041C485 /* BaseCoordinator.swift */ = {isa = PBXFileReference; lastKnownFileType = sourcecode.swift; path = BaseCoordinator.swift; sourceTree = "<group>"; };
		3053C728217903A90041C485 /* NSObjectExtension.swift */ = {isa = PBXFileReference; lastKnownFileType = sourcecode.swift; path = NSObjectExtension.swift; sourceTree = "<group>"; };
		3053C72A21790A280041C485 /* AppStoryboard.swift */ = {isa = PBXFileReference; lastKnownFileType = sourcecode.swift; path = AppStoryboard.swift; sourceTree = "<group>"; };
		3053C72C21790AC80041C485 /* StringExtension.swift */ = {isa = PBXFileReference; lastKnownFileType = sourcecode.swift; path = StringExtension.swift; sourceTree = "<group>"; };
		3053C736217913E10041C485 /* ViewModel.swift */ = {isa = PBXFileReference; lastKnownFileType = sourcecode.swift; path = ViewModel.swift; sourceTree = "<group>"; };
		3053C73B217916AD0041C485 /* TextUnderPictureTableViewCell.swift */ = {isa = PBXFileReference; lastKnownFileType = sourcecode.swift; path = TextUnderPictureTableViewCell.swift; sourceTree = "<group>"; };
		3053C73D217916BB0041C485 /* TextUnderPictureTableViewCell.xib */ = {isa = PBXFileReference; lastKnownFileType = file.xib; path = TextUnderPictureTableViewCell.xib; sourceTree = "<group>"; };
		306F811321B2D4BB0021558D /* UIKitAssembly.swift */ = {isa = PBXFileReference; lastKnownFileType = sourcecode.swift; path = UIKitAssembly.swift; sourceTree = "<group>"; };
		3084C076217A30220089F186 /* CellViewModel.swift */ = {isa = PBXFileReference; lastKnownFileType = sourcecode.swift; path = CellViewModel.swift; sourceTree = "<group>"; };
		3084C078217A32920089F186 /* DefaultRecipeListViewModel.swift */ = {isa = PBXFileReference; lastKnownFileType = sourcecode.swift; path = DefaultRecipeListViewModel.swift; sourceTree = "<group>"; };
		3084C07D217A39A20089F186 /* Recipe.swift */ = {isa = PBXFileReference; lastKnownFileType = sourcecode.swift; path = Recipe.swift; sourceTree = "<group>"; };
		3084C07F217A3D5E0089F186 /* RecipeStep.swift */ = {isa = PBXFileReference; lastKnownFileType = sourcecode.swift; path = RecipeStep.swift; sourceTree = "<group>"; };
		3084C082217A52140089F186 /* RecipeListCoordinator.swift */ = {isa = PBXFileReference; lastKnownFileType = sourcecode.swift; path = RecipeListCoordinator.swift; sourceTree = "<group>"; };
		3084C086217A75330089F186 /* AppCoordinator.swift */ = {isa = PBXFileReference; lastKnownFileType = sourcecode.swift; path = AppCoordinator.swift; sourceTree = "<group>"; };
		3084C088217A795F0089F186 /* UITableViewExtension.swift */ = {isa = PBXFileReference; lastKnownFileType = sourcecode.swift; path = UITableViewExtension.swift; sourceTree = "<group>"; };
		30A86CDC21AA9F24005193DD /* NetworkAssembly.swift */ = {isa = PBXFileReference; lastKnownFileType = sourcecode.swift; path = NetworkAssembly.swift; sourceTree = "<group>"; };
		30A86CDF21AAA507005193DD /* RecipeListAssembly.swift */ = {isa = PBXFileReference; lastKnownFileType = sourcecode.swift; path = RecipeListAssembly.swift; sourceTree = "<group>"; };
		30A86CE121AAA6E0005193DD /* TextUnderPictureCellViewModelAssembly.swift */ = {isa = PBXFileReference; lastKnownFileType = sourcecode.swift; path = TextUnderPictureCellViewModelAssembly.swift; sourceTree = "<group>"; };
		30A86CE321AAAD71005193DD /* VerticalTextAndDescriptionCellViewModelAssembly.swift */ = {isa = PBXFileReference; lastKnownFileType = sourcecode.swift; path = VerticalTextAndDescriptionCellViewModelAssembly.swift; sourceTree = "<group>"; };
		30BE8C1F2179CC7A0009D91B /* Identifiable.swift */ = {isa = PBXFileReference; lastKnownFileType = sourcecode.swift; path = Identifiable.swift; sourceTree = "<group>"; };
		30BE8C212179CDC40009D91B /* TextUnderPictureCellViewModel.swift */ = {isa = PBXFileReference; lastKnownFileType = sourcecode.swift; path = TextUnderPictureCellViewModel.swift; sourceTree = "<group>"; };
		30BE8C232179EA900009D91B /* RecipeTextUnderPictureCellViewModel.swift */ = {isa = PBXFileReference; lastKnownFileType = sourcecode.swift; path = RecipeTextUnderPictureCellViewModel.swift; sourceTree = "<group>"; };
		30BE8C252179EEB70009D91B /* CellConfigurable.swift */ = {isa = PBXFileReference; lastKnownFileType = sourcecode.swift; path = CellConfigurable.swift; sourceTree = "<group>"; };
		30BE8C272179F6DE0009D91B /* ReactiveExtension.swift */ = {isa = PBXFileReference; lastKnownFileType = sourcecode.swift; path = ReactiveExtension.swift; sourceTree = "<group>"; };
		30BE8C292179FC710009D91B /* VerticalTextAndDescriptionTableViewCell.swift */ = {isa = PBXFileReference; lastKnownFileType = sourcecode.swift; path = VerticalTextAndDescriptionTableViewCell.swift; sourceTree = "<group>"; };
		30BE8C2B2179FC7D0009D91B /* VerticalTextAndDescriptionTableViewCell.xib */ = {isa = PBXFileReference; lastKnownFileType = file.xib; path = VerticalTextAndDescriptionTableViewCell.xib; sourceTree = "<group>"; };
		30BE8C2D2179FFAA0009D91B /* VerticalTextAndDescriptionCellViewModel.swift */ = {isa = PBXFileReference; lastKnownFileType = sourcecode.swift; path = VerticalTextAndDescriptionCellViewModel.swift; sourceTree = "<group>"; };
		30BE8C2F217A000F0009D91B /* RecipeVerticalTextAndDescriptionCellViewModel.swift */ = {isa = PBXFileReference; lastKnownFileType = sourcecode.swift; path = RecipeVerticalTextAndDescriptionCellViewModel.swift; sourceTree = "<group>"; };
		30BE8C32217A02670009D91B /* Recipes.storyboard */ = {isa = PBXFileReference; lastKnownFileType = file.storyboard; path = Recipes.storyboard; sourceTree = "<group>"; };
		30BE8C34217A02A10009D91B /* RecipeListViewController.swift */ = {isa = PBXFileReference; lastKnownFileType = sourcecode.swift; path = RecipeListViewController.swift; sourceTree = "<group>"; };
		30BE8C37217A041C0009D91B /* RecipeListViewModel.swift */ = {isa = PBXFileReference; lastKnownFileType = sourcecode.swift; path = RecipeListViewModel.swift; sourceTree = "<group>"; };
		30C8D50221B9ABB800FC3361 /* RecipeListOfStepsListViewController.swift */ = {isa = PBXFileReference; lastKnownFileType = sourcecode.swift; path = RecipeListOfStepsListViewController.swift; sourceTree = "<group>"; };
		30C8D50621B9ADF800FC3361 /* RecipeListOfStepsListViewModel.swift */ = {isa = PBXFileReference; lastKnownFileType = sourcecode.swift; path = RecipeListOfStepsListViewModel.swift; sourceTree = "<group>"; };
		30D2231E21B2F3160003AE61 /* DependencyNames.swift */ = {isa = PBXFileReference; lastKnownFileType = sourcecode.swift; path = DependencyNames.swift; sourceTree = "<group>"; };
		30EA490421C170FD009AA63A /* NibBased.swift */ = {isa = PBXFileReference; lastKnownFileType = sourcecode.swift; path = NibBased.swift; sourceTree = "<group>"; };
		30EA490621C17457009AA63A /* Instantiatable.swift */ = {isa = PBXFileReference; lastKnownFileType = sourcecode.swift; path = Instantiatable.swift; sourceTree = "<group>"; };
		30EA490A21C17C17009AA63A /* ReuseIdentifiable.swift */ = {isa = PBXFileReference; lastKnownFileType = sourcecode.swift; path = ReuseIdentifiable.swift; sourceTree = "<group>"; };
		5FE38050BAE3F76EE9D554E8 /* Pods_Recipes_Coordinators_MVVM.framework */ = {isa = PBXFileReference; explicitFileType = wrapper.framework; includeInIndex = 0; path = Pods_Recipes_Coordinators_MVVM.framework; sourceTree = BUILT_PRODUCTS_DIR; };
		713D31EE7D410702E3DBA51E /* Pods-Recipes-Coordinators-MVVM.release.xcconfig */ = {isa = PBXFileReference; includeInIndex = 1; lastKnownFileType = text.xcconfig; name = "Pods-Recipes-Coordinators-MVVM.release.xcconfig"; path = "Pods/Target Support Files/Pods-Recipes-Coordinators-MVVM/Pods-Recipes-Coordinators-MVVM.release.xcconfig"; sourceTree = "<group>"; };
		721001AB4CA74D8EE56B1EEA /* Pods-Recipes-Coordinators-MVVM.debug.xcconfig */ = {isa = PBXFileReference; includeInIndex = 1; lastKnownFileType = text.xcconfig; name = "Pods-Recipes-Coordinators-MVVM.debug.xcconfig"; path = "Pods/Target Support Files/Pods-Recipes-Coordinators-MVVM/Pods-Recipes-Coordinators-MVVM.debug.xcconfig"; sourceTree = "<group>"; };
/* End PBXFileReference section */

/* Begin PBXFrameworksBuildPhase section */
		3053C7032178DF240041C485 /* Frameworks */ = {
			isa = PBXFrameworksBuildPhase;
			buildActionMask = 2147483647;
			files = (
				03A3FA4E5D97DE9B66C39416 /* Pods_Recipes_Coordinators_MVVM.framework in Frameworks */,
			);
			runOnlyForDeploymentPostprocessing = 0;
		};
/* End PBXFrameworksBuildPhase section */

/* Begin PBXGroup section */
		3044C6DC21A1A40000795B44 /* Services */ = {
			isa = PBXGroup;
			children = (
				3044C6DD21A1A46300795B44 /* NetworkReachability */,
			);
			path = Services;
			sourceTree = "<group>";
		};
		3044C6DD21A1A46300795B44 /* NetworkReachability */ = {
			isa = PBXGroup;
			children = (
				3044C6DE21A1A56100795B44 /* NetworkReachabilityService.swift */,
				3044C6E021A1A76A00795B44 /* DefaultNetworkReachabilityService.swift */,
			);
			path = NetworkReachability;
			sourceTree = "<group>";
		};
		3053C6FD2178DF240041C485 = {
			isa = PBXGroup;
			children = (
				3053C7082178DF240041C485 /* Recipes-Coordinators-MVVM */,
				3053C7072178DF240041C485 /* Products */,
				3062660B6192DCF23E575F42 /* Pods */,
				A371343622EC9F37032BA08D /* Frameworks */,
			);
			sourceTree = "<group>";
		};
		3053C7072178DF240041C485 /* Products */ = {
			isa = PBXGroup;
			children = (
				3053C7062178DF240041C485 /* Recipes-Coordinators-MVVM.app */,
			);
			name = Products;
			sourceTree = "<group>";
		};
		3053C7082178DF240041C485 /* Recipes-Coordinators-MVVM */ = {
			isa = PBXGroup;
			children = (
				3053C71C2178E0280041C485 /* Resources */,
				3053C71B2178E0200041C485 /* Classes */,
			);
			path = "Recipes-Coordinators-MVVM";
			sourceTree = "<group>";
		};
		3053C71B2178E0200041C485 /* Classes */ = {
			isa = PBXGroup;
			children = (
				3053C71E2178E88D0041C485 /* DataLayer */,
				3053C71D2178E86B0041C485 /* PresentationLayer */,
			);
			path = Classes;
			sourceTree = "<group>";
		};
		3053C71C2178E0280041C485 /* Resources */ = {
			isa = PBXGroup;
			children = (
				3053C7122178DF240041C485 /* LaunchScreen.storyboard */,
				3053C7102178DF240041C485 /* Assets.xcassets */,
				3053C7152178DF240041C485 /* Info.plist */,
			);
			path = Resources;
			sourceTree = "<group>";
		};
		3053C71D2178E86B0041C485 /* PresentationLayer */ = {
			isa = PBXGroup;
			children = (
				3053C7382179146A0041C485 /* Recipes */,
				3053C71F2178E8EF0041C485 /* Core */,
				3053C7092178DF240041C485 /* AppDelegate.swift */,
			);
			path = PresentationLayer;
			sourceTree = "<group>";
		};
		3053C71E2178E88D0041C485 /* DataLayer */ = {
			isa = PBXGroup;
			children = (
				3084C07B217A39640089F186 /* Recipes */,
				3053C726217901F20041C485 /* Core */,
			);
			path = DataLayer;
			sourceTree = "<group>";
		};
		3053C71F2178E8EF0041C485 /* Core */ = {
			isa = PBXGroup;
			children = (
				30A86CDB21AA9EFD005193DD /* Assemblies */,
				3053C73A217915D90041C485 /* Views */,
				3053C735217912720041C485 /* ViewModels */,
				3053C7212178F91C0041C485 /* Coordinators */,
				3053C7202178E9210041C485 /* ViewControllers */,
				3053C73021790E950041C485 /* Extensions */,
			);
			path = Core;
			sourceTree = "<group>";
		};
		3053C7202178E9210041C485 /* ViewControllers */ = {
			isa = PBXGroup;
			children = (
				3053C72A21790A280041C485 /* AppStoryboard.swift */,
			);
			path = ViewControllers;
			sourceTree = "<group>";
		};
		3053C7212178F91C0041C485 /* Coordinators */ = {
			isa = PBXGroup;
			children = (
				3053C7222178F9550041C485 /* Coordinator.swift */,
				3053C7242178FDB90041C485 /* BaseCoordinator.swift */,
				3084C086217A75330089F186 /* AppCoordinator.swift */,
			);
			path = Coordinators;
			sourceTree = "<group>";
		};
		3053C726217901F20041C485 /* Core */ = {
			isa = PBXGroup;
			children = (
				3044C6DC21A1A40000795B44 /* Services */,
				3053C727217902040041C485 /* Extensions */,
			);
			path = Core;
			sourceTree = "<group>";
		};
		3053C727217902040041C485 /* Extensions */ = {
			isa = PBXGroup;
			children = (
				3053C728217903A90041C485 /* NSObjectExtension.swift */,
				3053C72C21790AC80041C485 /* StringExtension.swift */,
			);
			path = Extensions;
			sourceTree = "<group>";
		};
		3053C73021790E950041C485 /* Extensions */ = {
			isa = PBXGroup;
			children = (
				30BE8C272179F6DE0009D91B /* ReactiveExtension.swift */,
				3084C088217A795F0089F186 /* UITableViewExtension.swift */,
				30417C1121C051EE000BE1D9 /* StoryboardBased.swift */,
				30EA490421C170FD009AA63A /* NibBased.swift */,
				30EA490621C17457009AA63A /* Instantiatable.swift */,
				30EA490A21C17C17009AA63A /* ReuseIdentifiable.swift */,
			);
			path = Extensions;
			sourceTree = "<group>";
		};
		3053C735217912720041C485 /* ViewModels */ = {
			isa = PBXGroup;
			children = (
				3053C736217913E10041C485 /* ViewModel.swift */,
				30BE8C1F2179CC7A0009D91B /* Identifiable.swift */,
				30BE8C212179CDC40009D91B /* TextUnderPictureCellViewModel.swift */,
				30BE8C2D2179FFAA0009D91B /* VerticalTextAndDescriptionCellViewModel.swift */,
				3084C076217A30220089F186 /* CellViewModel.swift */,
			);
			path = ViewModels;
			sourceTree = "<group>";
		};
		3053C7382179146A0041C485 /* Recipes */ = {
			isa = PBXGroup;
			children = (
				30A86CDE21AAA4CF005193DD /* Assemblies */,
				3084C081217A51DE0089F186 /* Coordinators */,
				30BE8C36217A03A10009D91B /* ViewModels */,
				30BE8C31217A024D0009D91B /* ViewControllers */,
			);
			path = Recipes;
			sourceTree = "<group>";
		};
		3053C73A217915D90041C485 /* Views */ = {
			isa = PBXGroup;
			children = (
				3053C73B217916AD0041C485 /* TextUnderPictureTableViewCell.swift */,
				3053C73D217916BB0041C485 /* TextUnderPictureTableViewCell.xib */,
				30BE8C252179EEB70009D91B /* CellConfigurable.swift */,
				30BE8C292179FC710009D91B /* VerticalTextAndDescriptionTableViewCell.swift */,
				30BE8C2B2179FC7D0009D91B /* VerticalTextAndDescriptionTableViewCell.xib */,
			);
			path = Views;
			sourceTree = "<group>";
		};
		3062660B6192DCF23E575F42 /* Pods */ = {
			isa = PBXGroup;
			children = (
				721001AB4CA74D8EE56B1EEA /* Pods-Recipes-Coordinators-MVVM.debug.xcconfig */,
				713D31EE7D410702E3DBA51E /* Pods-Recipes-Coordinators-MVVM.release.xcconfig */,
			);
			name = Pods;
			sourceTree = "<group>";
		};
		3084C07B217A39640089F186 /* Recipes */ = {
			isa = PBXGroup;
			children = (
				3084C07C217A39810089F186 /* Models */,
			);
			path = Recipes;
			sourceTree = "<group>";
		};
		3084C07C217A39810089F186 /* Models */ = {
			isa = PBXGroup;
			children = (
				3084C07D217A39A20089F186 /* Recipe.swift */,
				3084C07F217A3D5E0089F186 /* RecipeStep.swift */,
			);
			path = Models;
			sourceTree = "<group>";
		};
		3084C081217A51DE0089F186 /* Coordinators */ = {
			isa = PBXGroup;
			children = (
				3084C082217A52140089F186 /* RecipeListCoordinator.swift */,
			);
			path = Coordinators;
			sourceTree = "<group>";
		};
		30A86CDB21AA9EFD005193DD /* Assemblies */ = {
			isa = PBXGroup;
			children = (
				30A86CDC21AA9F24005193DD /* NetworkAssembly.swift */,
				30A86CE121AAA6E0005193DD /* TextUnderPictureCellViewModelAssembly.swift */,
				30A86CE321AAAD71005193DD /* VerticalTextAndDescriptionCellViewModelAssembly.swift */,
				306F811321B2D4BB0021558D /* UIKitAssembly.swift */,
				30D2231E21B2F3160003AE61 /* DependencyNames.swift */,
			);
			path = Assemblies;
			sourceTree = "<group>";
		};
		30A86CDE21AAA4CF005193DD /* Assemblies */ = {
			isa = PBXGroup;
			children = (
				30A86CDF21AAA507005193DD /* RecipeListAssembly.swift */,
			);
			path = Assemblies;
			sourceTree = "<group>";
		};
		30BE8C31217A024D0009D91B /* ViewControllers */ = {
			isa = PBXGroup;
			children = (
				30BE8C32217A02670009D91B /* Recipes.storyboard */,
				30BE8C34217A02A10009D91B /* RecipeListViewController.swift */,
				30C8D50221B9ABB800FC3361 /* RecipeListOfStepsListViewController.swift */,
				30417C0F21C0449C000BE1D9 /* RecipeStepListViewController.swift */,
			);
			path = ViewControllers;
			sourceTree = "<group>";
		};
		30BE8C36217A03A10009D91B /* ViewModels */ = {
			isa = PBXGroup;
			children = (
				30BE8C232179EA900009D91B /* RecipeTextUnderPictureCellViewModel.swift */,
				30BE8C2F217A000F0009D91B /* RecipeVerticalTextAndDescriptionCellViewModel.swift */,
				30BE8C37217A041C0009D91B /* RecipeListViewModel.swift */,
				3084C078217A32920089F186 /* DefaultRecipeListViewModel.swift */,
				30C8D50621B9ADF800FC3361 /* RecipeListOfStepsListViewModel.swift */,
			);
			path = ViewModels;
			sourceTree = "<group>";
		};
		A371343622EC9F37032BA08D /* Frameworks */ = {
			isa = PBXGroup;
			children = (
				5FE38050BAE3F76EE9D554E8 /* Pods_Recipes_Coordinators_MVVM.framework */,
			);
			name = Frameworks;
			sourceTree = "<group>";
		};
/* End PBXGroup section */

/* Begin PBXNativeTarget section */
		3053C7052178DF240041C485 /* Recipes-Coordinators-MVVM */ = {
			isa = PBXNativeTarget;
			buildConfigurationList = 3053C7182178DF240041C485 /* Build configuration list for PBXNativeTarget "Recipes-Coordinators-MVVM" */;
			buildPhases = (
				EBEC522188E4EDA10C684AA9 /* [CP] Check Pods Manifest.lock */,
				3053C7022178DF240041C485 /* Sources */,
				3053C7032178DF240041C485 /* Frameworks */,
				3053C7042178DF240041C485 /* Resources */,
				F7F54CB2E6C09043CEF93DAA /* [CP] Embed Pods Frameworks */,
				C92DFEC0F6A83540393E3D60 /* [CP] Copy Pods Resources */,
			);
			buildRules = (
			);
			dependencies = (
			);
			name = "Recipes-Coordinators-MVVM";
			productName = "Recipes-Coordinators-MVVM";
			productReference = 3053C7062178DF240041C485 /* Recipes-Coordinators-MVVM.app */;
			productType = "com.apple.product-type.application";
		};
/* End PBXNativeTarget section */

/* Begin PBXProject section */
		3053C6FE2178DF240041C485 /* Project object */ = {
			isa = PBXProject;
			attributes = {
				LastSwiftUpdateCheck = 0920;
				LastUpgradeCheck = 0920;
				ORGANIZATIONNAME = "Roman Andreyenko";
				TargetAttributes = {
					3053C7052178DF240041C485 = {
						CreatedOnToolsVersion = 9.2;
						ProvisioningStyle = Automatic;
					};
				};
			};
			buildConfigurationList = 3053C7012178DF240041C485 /* Build configuration list for PBXProject "Recipes-Coordinators-MVVM" */;
			compatibilityVersion = "Xcode 8.0";
			developmentRegion = en;
			hasScannedForEncodings = 0;
			knownRegions = (
				en,
				Base,
			);
			mainGroup = 3053C6FD2178DF240041C485;
			productRefGroup = 3053C7072178DF240041C485 /* Products */;
			projectDirPath = "";
			projectRoot = "";
			targets = (
				3053C7052178DF240041C485 /* Recipes-Coordinators-MVVM */,
			);
		};
/* End PBXProject section */

/* Begin PBXResourcesBuildPhase section */
		3053C7042178DF240041C485 /* Resources */ = {
			isa = PBXResourcesBuildPhase;
			buildActionMask = 2147483647;
			files = (
				30BE8C2C2179FC7D0009D91B /* VerticalTextAndDescriptionTableViewCell.xib in Resources */,
				3053C73E217916BB0041C485 /* TextUnderPictureTableViewCell.xib in Resources */,
				3053C7142178DF240041C485 /* LaunchScreen.storyboard in Resources */,
				3053C7112178DF240041C485 /* Assets.xcassets in Resources */,
				30BE8C33217A02670009D91B /* Recipes.storyboard in Resources */,
			);
			runOnlyForDeploymentPostprocessing = 0;
		};
/* End PBXResourcesBuildPhase section */

/* Begin PBXShellScriptBuildPhase section */
		C92DFEC0F6A83540393E3D60 /* [CP] Copy Pods Resources */ = {
			isa = PBXShellScriptBuildPhase;
			buildActionMask = 2147483647;
			files = (
			);
			inputPaths = (
			);
			name = "[CP] Copy Pods Resources";
			outputPaths = (
			);
			runOnlyForDeploymentPostprocessing = 0;
			shellPath = /bin/sh;
			shellScript = "\"${SRCROOT}/Pods/Target Support Files/Pods-Recipes-Coordinators-MVVM/Pods-Recipes-Coordinators-MVVM-resources.sh\"\n";
			showEnvVarsInLog = 0;
		};
		EBEC522188E4EDA10C684AA9 /* [CP] Check Pods Manifest.lock */ = {
			isa = PBXShellScriptBuildPhase;
			buildActionMask = 2147483647;
			files = (
			);
			inputPaths = (
				"${PODS_PODFILE_DIR_PATH}/Podfile.lock",
				"${PODS_ROOT}/Manifest.lock",
			);
			name = "[CP] Check Pods Manifest.lock";
			outputPaths = (
				"$(DERIVED_FILE_DIR)/Pods-Recipes-Coordinators-MVVM-checkManifestLockResult.txt",
			);
			runOnlyForDeploymentPostprocessing = 0;
			shellPath = /bin/sh;
			shellScript = "diff \"${PODS_PODFILE_DIR_PATH}/Podfile.lock\" \"${PODS_ROOT}/Manifest.lock\" > /dev/null\nif [ $? != 0 ] ; then\n    # print error to STDERR\n    echo \"error: The sandbox is not in sync with the Podfile.lock. Run 'pod install' or update your CocoaPods installation.\" >&2\n    exit 1\nfi\n# This output is used by Xcode 'outputs' to avoid re-running this script phase.\necho \"SUCCESS\" > \"${SCRIPT_OUTPUT_FILE_0}\"\n";
			showEnvVarsInLog = 0;
		};
		F7F54CB2E6C09043CEF93DAA /* [CP] Embed Pods Frameworks */ = {
			isa = PBXShellScriptBuildPhase;
			buildActionMask = 2147483647;
			files = (
			);
			inputPaths = (
				"${SRCROOT}/Pods/Target Support Files/Pods-Recipes-Coordinators-MVVM/Pods-Recipes-Coordinators-MVVM-frameworks.sh",
				"${BUILT_PRODUCTS_DIR}/ReachabilitySwift/Reachability.framework",
				"${BUILT_PRODUCTS_DIR}/RxCocoa/RxCocoa.framework",
				"${BUILT_PRODUCTS_DIR}/RxSwift/RxSwift.framework",
				"${BUILT_PRODUCTS_DIR}/Swinject/Swinject.framework",
				"${BUILT_PRODUCTS_DIR}/SwinjectAutoregistration/SwinjectAutoregistration.framework",
			);
			name = "[CP] Embed Pods Frameworks";
			outputPaths = (
				"${TARGET_BUILD_DIR}/${FRAMEWORKS_FOLDER_PATH}/Reachability.framework",
				"${TARGET_BUILD_DIR}/${FRAMEWORKS_FOLDER_PATH}/RxCocoa.framework",
				"${TARGET_BUILD_DIR}/${FRAMEWORKS_FOLDER_PATH}/RxSwift.framework",
				"${TARGET_BUILD_DIR}/${FRAMEWORKS_FOLDER_PATH}/Swinject.framework",
				"${TARGET_BUILD_DIR}/${FRAMEWORKS_FOLDER_PATH}/SwinjectAutoregistration.framework",
			);
			runOnlyForDeploymentPostprocessing = 0;
			shellPath = /bin/sh;
			shellScript = "\"${SRCROOT}/Pods/Target Support Files/Pods-Recipes-Coordinators-MVVM/Pods-Recipes-Coordinators-MVVM-frameworks.sh\"\n";
			showEnvVarsInLog = 0;
		};
/* End PBXShellScriptBuildPhase section */

/* Begin PBXSourcesBuildPhase section */
		3053C7022178DF240041C485 /* Sources */ = {
			isa = PBXSourcesBuildPhase;
			buildActionMask = 2147483647;
			files = (
				30BE8C2A2179FC710009D91B /* VerticalTextAndDescriptionTableViewCell.swift in Sources */,
				306F811421B2D4BB0021558D /* UIKitAssembly.swift in Sources */,
				30BE8C222179CDC40009D91B /* TextUnderPictureCellViewModel.swift in Sources */,
				30BE8C282179F6DE0009D91B /* ReactiveExtension.swift in Sources */,
				30A86CDD21AA9F24005193DD /* NetworkAssembly.swift in Sources */,
				3053C737217913E10041C485 /* ViewModel.swift in Sources */,
				30EA490B21C17C17009AA63A /* ReuseIdentifiable.swift in Sources */,
				30A86CE221AAA6E0005193DD /* TextUnderPictureCellViewModelAssembly.swift in Sources */,
				3084C079217A32920089F186 /* DefaultRecipeListViewModel.swift in Sources */,
				30A86CE021AAA507005193DD /* RecipeListAssembly.swift in Sources */,
				3084C087217A75330089F186 /* AppCoordinator.swift in Sources */,
				3053C72D21790AC80041C485 /* StringExtension.swift in Sources */,
				3084C080217A3D5E0089F186 /* RecipeStep.swift in Sources */,
				30BE8C242179EA900009D91B /* RecipeTextUnderPictureCellViewModel.swift in Sources */,
				30BE8C38217A041C0009D91B /* RecipeListViewModel.swift in Sources */,
				3084C07E217A39A20089F186 /* Recipe.swift in Sources */,
				30BE8C35217A02A10009D91B /* RecipeListViewController.swift in Sources */,
				3044C6DF21A1A56100795B44 /* NetworkReachabilityService.swift in Sources */,
				30C8D50721B9ADF800FC3361 /* RecipeListOfStepsListViewModel.swift in Sources */,
				3084C077217A30220089F186 /* CellViewModel.swift in Sources */,
				3084C083217A52140089F186 /* RecipeListCoordinator.swift in Sources */,
				30417C1221C051EE000BE1D9 /* StoryboardBased.swift in Sources */,
				3053C729217903A90041C485 /* NSObjectExtension.swift in Sources */,
				30BE8C202179CC7A0009D91B /* Identifiable.swift in Sources */,
				30BE8C2E2179FFAA0009D91B /* VerticalTextAndDescriptionCellViewModel.swift in Sources */,
				3044C6E121A1A76A00795B44 /* DefaultNetworkReachabilityService.swift in Sources */,
				30417C1021C0449C000BE1D9 /* RecipeStepListViewController.swift in Sources */,
				30BE8C30217A000F0009D91B /* RecipeVerticalTextAndDescriptionCellViewModel.swift in Sources */,
				30EA490521C170FD009AA63A /* NibBased.swift in Sources */,
				30EA490721C17457009AA63A /* Instantiatable.swift in Sources */,
				3053C70A2178DF240041C485 /* AppDelegate.swift in Sources */,
				3053C7232178F9550041C485 /* Coordinator.swift in Sources */,
				30BE8C262179EEB70009D91B /* CellConfigurable.swift in Sources */,
				3053C72B21790A280041C485 /* AppStoryboard.swift in Sources */,
				30A86CE421AAAD71005193DD /* VerticalTextAndDescriptionCellViewModelAssembly.swift in Sources */,
				3053C73C217916AD0041C485 /* TextUnderPictureTableViewCell.swift in Sources */,
				3053C7252178FDB90041C485 /* BaseCoordinator.swift in Sources */,
				3084C089217A795F0089F186 /* UITableViewExtension.swift in Sources */,
				30C8D50321B9ABB800FC3361 /* RecipeListOfStepsListViewController.swift in Sources */,
				30D2231F21B2F3160003AE61 /* DependencyNames.swift in Sources */,
			);
			runOnlyForDeploymentPostprocessing = 0;
		};
/* End PBXSourcesBuildPhase section */

/* Begin PBXVariantGroup section */
		3053C7122178DF240041C485 /* LaunchScreen.storyboard */ = {
			isa = PBXVariantGroup;
			children = (
				3053C7132178DF240041C485 /* Base */,
			);
			name = LaunchScreen.storyboard;
			sourceTree = "<group>";
		};
/* End PBXVariantGroup section */

/* Begin XCBuildConfiguration section */
		3053C7162178DF240041C485 /* Debug */ = {
			isa = XCBuildConfiguration;
			buildSettings = {
				ALWAYS_SEARCH_USER_PATHS = NO;
				CLANG_ANALYZER_NONNULL = YES;
				CLANG_ANALYZER_NUMBER_OBJECT_CONVERSION = YES_AGGRESSIVE;
				CLANG_CXX_LANGUAGE_STANDARD = "gnu++14";
				CLANG_CXX_LIBRARY = "libc++";
				CLANG_ENABLE_MODULES = YES;
				CLANG_ENABLE_OBJC_ARC = YES;
				CLANG_WARN_BLOCK_CAPTURE_AUTORELEASING = YES;
				CLANG_WARN_BOOL_CONVERSION = YES;
				CLANG_WARN_COMMA = YES;
				CLANG_WARN_CONSTANT_CONVERSION = YES;
				CLANG_WARN_DIRECT_OBJC_ISA_USAGE = YES_ERROR;
				CLANG_WARN_DOCUMENTATION_COMMENTS = YES;
				CLANG_WARN_EMPTY_BODY = YES;
				CLANG_WARN_ENUM_CONVERSION = YES;
				CLANG_WARN_INFINITE_RECURSION = YES;
				CLANG_WARN_INT_CONVERSION = YES;
				CLANG_WARN_NON_LITERAL_NULL_CONVERSION = YES;
				CLANG_WARN_OBJC_LITERAL_CONVERSION = YES;
				CLANG_WARN_OBJC_ROOT_CLASS = YES_ERROR;
				CLANG_WARN_RANGE_LOOP_ANALYSIS = YES;
				CLANG_WARN_STRICT_PROTOTYPES = YES;
				CLANG_WARN_SUSPICIOUS_MOVE = YES;
				CLANG_WARN_UNGUARDED_AVAILABILITY = YES_AGGRESSIVE;
				CLANG_WARN_UNREACHABLE_CODE = YES;
				CLANG_WARN__DUPLICATE_METHOD_MATCH = YES;
				CODE_SIGN_IDENTITY = "iPhone Developer";
				COPY_PHASE_STRIP = NO;
				DEBUG_INFORMATION_FORMAT = dwarf;
				ENABLE_STRICT_OBJC_MSGSEND = YES;
				ENABLE_TESTABILITY = YES;
				GCC_C_LANGUAGE_STANDARD = gnu11;
				GCC_DYNAMIC_NO_PIC = NO;
				GCC_NO_COMMON_BLOCKS = YES;
				GCC_OPTIMIZATION_LEVEL = 0;
				GCC_PREPROCESSOR_DEFINITIONS = (
					"DEBUG=1",
					"$(inherited)",
				);
				GCC_WARN_64_TO_32_BIT_CONVERSION = YES;
				GCC_WARN_ABOUT_RETURN_TYPE = YES_ERROR;
				GCC_WARN_UNDECLARED_SELECTOR = YES;
				GCC_WARN_UNINITIALIZED_AUTOS = YES_AGGRESSIVE;
				GCC_WARN_UNUSED_FUNCTION = YES;
				GCC_WARN_UNUSED_VARIABLE = YES;
				IPHONEOS_DEPLOYMENT_TARGET = 11.0;
				MTL_ENABLE_DEBUG_INFO = YES;
				ONLY_ACTIVE_ARCH = YES;
				SDKROOT = iphoneos;
				SWIFT_ACTIVE_COMPILATION_CONDITIONS = DEBUG;
				SWIFT_OPTIMIZATION_LEVEL = "-Onone";
			};
			name = Debug;
		};
		3053C7172178DF240041C485 /* Release */ = {
			isa = XCBuildConfiguration;
			buildSettings = {
				ALWAYS_SEARCH_USER_PATHS = NO;
				CLANG_ANALYZER_NONNULL = YES;
				CLANG_ANALYZER_NUMBER_OBJECT_CONVERSION = YES_AGGRESSIVE;
				CLANG_CXX_LANGUAGE_STANDARD = "gnu++14";
				CLANG_CXX_LIBRARY = "libc++";
				CLANG_ENABLE_MODULES = YES;
				CLANG_ENABLE_OBJC_ARC = YES;
				CLANG_WARN_BLOCK_CAPTURE_AUTORELEASING = YES;
				CLANG_WARN_BOOL_CONVERSION = YES;
				CLANG_WARN_COMMA = YES;
				CLANG_WARN_CONSTANT_CONVERSION = YES;
				CLANG_WARN_DIRECT_OBJC_ISA_USAGE = YES_ERROR;
				CLANG_WARN_DOCUMENTATION_COMMENTS = YES;
				CLANG_WARN_EMPTY_BODY = YES;
				CLANG_WARN_ENUM_CONVERSION = YES;
				CLANG_WARN_INFINITE_RECURSION = YES;
				CLANG_WARN_INT_CONVERSION = YES;
				CLANG_WARN_NON_LITERAL_NULL_CONVERSION = YES;
				CLANG_WARN_OBJC_LITERAL_CONVERSION = YES;
				CLANG_WARN_OBJC_ROOT_CLASS = YES_ERROR;
				CLANG_WARN_RANGE_LOOP_ANALYSIS = YES;
				CLANG_WARN_STRICT_PROTOTYPES = YES;
				CLANG_WARN_SUSPICIOUS_MOVE = YES;
				CLANG_WARN_UNGUARDED_AVAILABILITY = YES_AGGRESSIVE;
				CLANG_WARN_UNREACHABLE_CODE = YES;
				CLANG_WARN__DUPLICATE_METHOD_MATCH = YES;
				CODE_SIGN_IDENTITY = "iPhone Developer";
				COPY_PHASE_STRIP = NO;
				DEBUG_INFORMATION_FORMAT = "dwarf-with-dsym";
				ENABLE_NS_ASSERTIONS = NO;
				ENABLE_STRICT_OBJC_MSGSEND = YES;
				GCC_C_LANGUAGE_STANDARD = gnu11;
				GCC_NO_COMMON_BLOCKS = YES;
				GCC_WARN_64_TO_32_BIT_CONVERSION = YES;
				GCC_WARN_ABOUT_RETURN_TYPE = YES_ERROR;
				GCC_WARN_UNDECLARED_SELECTOR = YES;
				GCC_WARN_UNINITIALIZED_AUTOS = YES_AGGRESSIVE;
				GCC_WARN_UNUSED_FUNCTION = YES;
				GCC_WARN_UNUSED_VARIABLE = YES;
				IPHONEOS_DEPLOYMENT_TARGET = 11.0;
				MTL_ENABLE_DEBUG_INFO = NO;
				SDKROOT = iphoneos;
				SWIFT_OPTIMIZATION_LEVEL = "-Owholemodule";
				VALIDATE_PRODUCT = YES;
			};
			name = Release;
		};
		3053C7192178DF240041C485 /* Debug */ = {
			isa = XCBuildConfiguration;
			baseConfigurationReference = 721001AB4CA74D8EE56B1EEA /* Pods-Recipes-Coordinators-MVVM.debug.xcconfig */;
			buildSettings = {
				ASSETCATALOG_COMPILER_APPICON_NAME = AppIcon;
				CODE_SIGN_STYLE = Automatic;
				INFOPLIST_FILE = "Recipes-Coordinators-MVVM/Resources/Info.plist";
				LD_RUNPATH_SEARCH_PATHS = "$(inherited) @executable_path/Frameworks";
				PRODUCT_BUNDLE_IDENTIFIER = "com.androm.Recipes-Coordinators-MVVM";
				PRODUCT_NAME = "$(TARGET_NAME)";
				SWIFT_VERSION = 4.0;
				TARGETED_DEVICE_FAMILY = "1,2";
			};
			name = Debug;
		};
		3053C71A2178DF240041C485 /* Release */ = {
			isa = XCBuildConfiguration;
			baseConfigurationReference = 713D31EE7D410702E3DBA51E /* Pods-Recipes-Coordinators-MVVM.release.xcconfig */;
			buildSettings = {
				ASSETCATALOG_COMPILER_APPICON_NAME = AppIcon;
				CODE_SIGN_STYLE = Automatic;
				INFOPLIST_FILE = "Recipes-Coordinators-MVVM/Resources/Info.plist";
				LD_RUNPATH_SEARCH_PATHS = "$(inherited) @executable_path/Frameworks";
				PRODUCT_BUNDLE_IDENTIFIER = "com.androm.Recipes-Coordinators-MVVM";
				PRODUCT_NAME = "$(TARGET_NAME)";
				SWIFT_VERSION = 4.0;
				TARGETED_DEVICE_FAMILY = "1,2";
			};
			name = Release;
		};
/* End XCBuildConfiguration section */

/* Begin XCConfigurationList section */
		3053C7012178DF240041C485 /* Build configuration list for PBXProject "Recipes-Coordinators-MVVM" */ = {
			isa = XCConfigurationList;
			buildConfigurations = (
				3053C7162178DF240041C485 /* Debug */,
				3053C7172178DF240041C485 /* Release */,
			);
			defaultConfigurationIsVisible = 0;
			defaultConfigurationName = Release;
		};
		3053C7182178DF240041C485 /* Build configuration list for PBXNativeTarget "Recipes-Coordinators-MVVM" */ = {
			isa = XCConfigurationList;
			buildConfigurations = (
				3053C7192178DF240041C485 /* Debug */,
				3053C71A2178DF240041C485 /* Release */,
			);
			defaultConfigurationIsVisible = 0;
			defaultConfigurationName = Release;
		};
/* End XCConfigurationList section */
	};
	rootObject = 3053C6FE2178DF240041C485 /* Project object */;
}
